# THIS IS AN AUTOGENERATED FILE. DO NOT EDIT THIS FILE DIRECTLY.
# yarn lockfile v1


"@colors/colors@1.6.0", "@colors/colors@^1.6.0":
  version "1.6.0"
  resolved "https://registry.yarnpkg.com/@colors/colors/-/colors-1.6.0.tgz#ec6cd237440700bc23ca23087f513c75508958b0"
  integrity sha512-Ir+AOibqzrIsL6ajt3Rz3LskB7OiMVHqltZmspbW/TJuTVuyOMirVqAkjfY6JISiLHgyNqicAC8AyHHGzNd/dA==

"@dabh/diagnostics@^2.0.2":
  version "2.0.3"
  resolved "https://registry.yarnpkg.com/@dabh/diagnostics/-/diagnostics-2.0.3.tgz#7f7e97ee9a725dffc7808d93668cc984e1dc477a"
  integrity sha512-hrlQOIi7hAfzsMqlGSFyVucrx38O+j6wiGOf//H2ecvIEqYN4ADBSS2iLMh5UFyDunCNniUIPk/q3riFv45xRA==
  dependencies:
    colorspace "1.1.x"
    enabled "2.0.x"
    kuler "^2.0.0"

"@foxt/js-srp@0.0.3-patch2":
  version "0.0.3-patch2"
  resolved "https://registry.yarnpkg.com/@foxt/js-srp/-/js-srp-0.0.3-patch2.tgz#0f0d9c10d43087847f4e3c7b6a5de12cdb827a8e"
  integrity sha512-mCjMIf+/mwmuzSGr8CWWQDjDUqMBnw9TBnzfcBUTR2ySPoXcg6Pfb4/WPklY1TwY3Pe3f3r8q6hzWvvogInuug==

"@logtail/core@^0.4.21":
  version "0.4.21"
  resolved "https://registry.yarnpkg.com/@logtail/core/-/core-0.4.21.tgz#00fc5fd15fa72270a6c55278441b29e8247a521b"
  integrity sha512-QDq194+24bwi4e+a/pxyf4X67NewhTvBmh9iwM2NhbSVSQz4Fo8xQn1Ul8zuUrXETycu/Od2D8wT2tZFNFx/7A==
  dependencies:
    "@logtail/tools" "^0.4.21"
    "@logtail/types" "^0.4.20"
    serialize-error "^8.1.0"

"@logtail/node@^0.4.21":
  version "0.4.21"
  resolved "https://registry.yarnpkg.com/@logtail/node/-/node-0.4.21.tgz#7c44bbb1676bb6267ca4ad7d6ee7897b6c8ff9c0"
  integrity sha512-zpwkhJgcYaM+vsjotHRJthc0ot1vP0CAVy+fwrkL8XjfdC3NHiWb6f0agQpHlqdRX8RTsAbcYpWNXKPpFB5U9Q==
  dependencies:
    "@logtail/core" "^0.4.21"
    "@logtail/types" "^0.4.20"
    "@msgpack/msgpack" "^2.5.1"
    "@types/stack-trace" "^0.0.29"
    cross-fetch "^3.0.4"
    minimatch "^3.0.4"
    serialize-error "^8.1.0"
    stack-trace "^0.0.10"

"@logtail/tools@^0.4.21":
  version "0.4.21"
  resolved "https://registry.yarnpkg.com/@logtail/tools/-/tools-0.4.21.tgz#f687c913bb41c3ace718e5fc7dff5b5f986f0c26"
  integrity sha512-xIaolScUwJEikllopGphxBX0lVlN/rA8pLAZiNCMNJXpPbwitoFKLW3w4qRuYdKoFCCJZKwOdwEqU2Fv0i9Cuw==
  dependencies:
    "@logtail/types" "^0.4.20"

"@logtail/types@^0.4.20":
  version "0.4.20"
  resolved "https://registry.yarnpkg.com/@logtail/types/-/types-0.4.20.tgz#8c61a0851ea0764f09d78ec943994fed31d84ca0"
  integrity sha512-nYsum10eJMTo+ySBlYXvSrvgD1NDCVUeOlxLBbelq3XUmHu9L48VNR3P0BOmhLamYCTEgjatTj0PyPLfjL1W9g==

"@logtail/winston@^0.4.21":
  version "0.4.23"
  resolved "https://registry.yarnpkg.com/@logtail/winston/-/winston-0.4.23.tgz#d862dc1951426689553403113e0c224c5d5da7db"
  integrity sha512-ZAxD0sw+JgjRPuy/G+8tgbjW0X/56pAWEqNlItJUOEQdl5iNmCLLBpml3Nf8zh+41tFhIRKGwaKa2Jb/XwnClg==
  dependencies:
    "@logtail/node" "^0.4.21"
    "@logtail/types" "^0.4.20"
    winston-transport "^4.3.0"

"@msgpack/msgpack@^2.5.1":
  version "2.8.0"
  resolved "https://registry.yarnpkg.com/@msgpack/msgpack/-/msgpack-2.8.0.tgz#4210deb771ee3912964f14a15ddfb5ff877e70b9"
  integrity sha512-h9u4u/jiIRKbq25PM+zymTyW6bhTzELvOoUd+AvYriWOAKpLGnIamaET3pnHYoI5iYphAHBI4ayx0MehR+VVPQ==

"@types/stack-trace@^0.0.29":
  version "0.0.29"
  resolved "https://registry.yarnpkg.com/@types/stack-trace/-/stack-trace-0.0.29.tgz#eb7a7c60098edb35630ed900742a5ecb20cfcb4d"
  integrity sha512-TgfOX+mGY/NyNxJLIbDWrO9DjGoVSW9+aB8H2yy1fy32jsvxijhmyJI9fDFgvz3YP4lvJaq9DzdR/M1bOgVc9g==

"@types/triple-beam@^1.3.2":
  version "1.3.5"
  resolved "https://registry.yarnpkg.com/@types/triple-beam/-/triple-beam-1.3.5.tgz#74fef9ffbaa198eb8b588be029f38b00299caa2c"
  integrity sha512-6WaYesThRMCl19iryMYP7/x2OVgCtbIVflDGFpWnb9irXI3UjYE4AzmYuiUKY1AJstGijoY+MgUszMgRxIYTYw==

async@^3.2.3:
  version "3.2.6"
  resolved "https://registry.yarnpkg.com/async/-/async-3.2.6.tgz#1b0728e14929d51b85b449b7f06e27c1145e38ce"
  integrity sha512-htCUDlxyyCLMgaM3xXg0C0LW2xqfuQ6p05pCEIsXuyQ+a1koYKTuBMzRNwmybfLgvJDMd0r1LTn4+E0Ti6C2AA==

balanced-match@^1.0.0:
  version "1.0.2"
  resolved "https://registry.yarnpkg.com/balanced-match/-/balanced-match-1.0.2.tgz#e83e3a7e3f300b34cb9d87f615fa0cbf357690ee"
  integrity sha512-3oSeUO0TMV67hN1AmbXsK4yaqU7tjiHlbxRDZOpH0KW9+CeX4bRAaX0Anxt0tx2MrpRpWwQaPwIlISEJhYU5Pw==

brace-expansion@^1.1.7:
  version "1.1.11"
  resolved "https://registry.yarnpkg.com/brace-expansion/-/brace-expansion-1.1.11.tgz#3c7fcbf529d87226f3d2f52b966ff5271eb441dd"
  integrity sha512-iCuPHDFgrHX7H2vEI/5xpz07zSHB00TpugqhmYtVmMO6518mCuRMoOYFldEBl0g187ufozdaHgWKcYFb61qGiA==
  dependencies:
    balanced-match "^1.0.0"
    concat-map "0.0.1"

color-convert@^1.9.3:
  version "1.9.3"
  resolved "https://registry.yarnpkg.com/color-convert/-/color-convert-1.9.3.tgz#bb71850690e1f136567de629d2d5471deda4c1e8"
  integrity sha512-QfAUtd+vFdAtFQcC8CCyYt1fYWxSqAiK2cSD6zDB8N3cpsEBAvRxp9zOGg6G/SHHJYAT88/az/IuDGALsNVbGg==
  dependencies:
    color-name "1.1.3"

color-name@1.1.3:
  version "1.1.3"
  resolved "https://registry.yarnpkg.com/color-name/-/color-name-1.1.3.tgz#a7d0558bd89c42f795dd42328f740831ca53bc25"
  integrity sha512-72fSenhMw2HZMTVHeCA9KCmpEIbzWiQsjN+BHcBbS9vr1mtt+vJjPdksIBNUmKAW8TFUDPJK5SUU3QhE9NEXDw==

color-name@^1.0.0:
  version "1.1.4"
  resolved "https://registry.yarnpkg.com/color-name/-/color-name-1.1.4.tgz#c2a09a87acbde69543de6f63fa3995c826c536a2"
  integrity sha512-dOy+3AuW3a2wNbZHIuMZpTcgjGuLU/uBL/ubcZF9OXbDo8ff4O8yVp5Bf0efS8uEoYo5q4Fx7dY9OgQGXgAsQA==

color-string@^1.6.0:
  version "1.9.1"
  resolved "https://registry.yarnpkg.com/color-string/-/color-string-1.9.1.tgz#4467f9146f036f855b764dfb5bf8582bf342c7a4"
  integrity sha512-shrVawQFojnZv6xM40anx4CkoDP+fZsw/ZerEMsW/pyzsRbElpsL/DBVW7q3ExxwusdNXI3lXpuhEZkzs8p5Eg==
  dependencies:
    color-name "^1.0.0"
    simple-swizzle "^0.2.2"

color@^3.1.3:
  version "3.2.1"
  resolved "https://registry.yarnpkg.com/color/-/color-3.2.1.tgz#3544dc198caf4490c3ecc9a790b54fe9ff45e164"
  integrity sha512-aBl7dZI9ENN6fUGC7mWpMTPNHmWUSNan9tuWN6ahh5ZLNk9baLJOnSMlrQkHcrfFgz2/RigjUVAjdx36VcemKA==
  dependencies:
    color-convert "^1.9.3"
    color-string "^1.6.0"

colorspace@1.1.x:
  version "1.1.4"
  resolved "https://registry.yarnpkg.com/colorspace/-/colorspace-1.1.4.tgz#8d442d1186152f60453bf8070cd66eb364e59243"
  integrity sha512-BgvKJiuVu1igBUF2kEjRCZXol6wiiGbY5ipL/oVPwm0BL9sIpMIzM8IK7vwuxIIzOXMV3Ey5w+vxhm0rR/TN8w==
  dependencies:
    color "^3.1.3"
    text-hex "1.0.x"

concat-map@0.0.1:
  version "0.0.1"
  resolved "https://registry.yarnpkg.com/concat-map/-/concat-map-0.0.1.tgz#d8a96bd77fd68df7793a73036a3ba0d5405d477b"
  integrity sha512-/Srv4dswyQNBfohGpz9o6Yb3Gz3SrUDqBH5rTuhGR7ahtlbYKnVxw2bCFMRljaA7EXHaXZ8wsHdodFvbkhKmqg==

cross-fetch@^3.0.4:
  version "3.1.8"
  resolved "https://registry.yarnpkg.com/cross-fetch/-/cross-fetch-3.1.8.tgz#0327eba65fd68a7d119f8fb2bf9334a1a7956f82"
  integrity sha512-cvA+JwZoU0Xq+h6WkMvAUqPEYy92Obet6UdKLfW60qn99ftItKjB5T+BkyWOFWe2pUyfQ+IJHmpOTznqk1M6Kg==
  dependencies:
    node-fetch "^2.6.12"

data-uri-to-buffer@^4.0.0:
  version "4.0.1"
  resolved "https://registry.yarnpkg.com/data-uri-to-buffer/-/data-uri-to-buffer-4.0.1.tgz#d8feb2b2881e6a4f58c2e08acfd0e2834e26222e"
  integrity sha512-0R9ikRb668HB7QDxT1vkpuUBtqc53YyAwMwGeUFKRojY/NWKvdZ+9UYtRfGmhqNbRkTSVpMbmyhXipFFv2cb/A==

enabled@2.0.x:
  version "2.0.0"
  resolved "https://registry.yarnpkg.com/enabled/-/enabled-2.0.0.tgz#f9dd92ec2d6f4bbc0d5d1e64e21d61cd4665e7c2"
  integrity sha512-AKrN98kuwOzMIdAizXGI86UFBoo26CL21UM763y1h/GMSJ4/OHU9k2YlsmBpyScFo/wbLzWQJBMCW4+IO3/+OQ==

fecha@^4.2.0:
  version "4.2.3"
  resolved "https://registry.yarnpkg.com/fecha/-/fecha-4.2.3.tgz#4d9ccdbc61e8629b259fdca67e65891448d569fd"
  integrity sha512-OP2IUU6HeYKJi3i0z4A19kHMQoLVs4Hc+DPqqxI2h/DPZHTm/vjsfC6P0b4jCMy14XizLBqvndQ+UilD7707Jw==

fetch-blob@^3.1.2, fetch-blob@^3.1.4:
  version "3.2.0"
  resolved "https://registry.yarnpkg.com/fetch-blob/-/fetch-blob-3.2.0.tgz#f09b8d4bbd45adc6f0c20b7e787e793e309dcce9"
  integrity sha512-7yAQpD2UMJzLi1Dqv7qFYnPbaPx7ZfFK6PiIxQ4PfkGPyNyl2Ugx+a/umUonmKqjhM4DnfbMvdX6otXq83soQQ==
  dependencies:
    node-domexception "^1.0.0"
    web-streams-polyfill "^3.0.3"

fn.name@1.x.x:
  version "1.1.0"
  resolved "https://registry.yarnpkg.com/fn.name/-/fn.name-1.1.0.tgz#26cad8017967aea8731bc42961d04a3d5988accc"
  integrity sha512-GRnmB5gPyJpAhTQdSZTSp9uaPSvl09KoYcMQtsB9rQoOmzs9dH6ffeccH+Z+cv6P68Hu5bC6JjRh4Ah/mHSNRw==

formdata-polyfill@^4.0.10:
  version "4.0.10"
  resolved "https://registry.yarnpkg.com/formdata-polyfill/-/formdata-polyfill-4.0.10.tgz#24807c31c9d402e002ab3d8c720144ceb8848423"
  integrity sha512-buewHzMvYL29jdeQTVILecSaZKnt/RJWjoZCF5OW60Z67/GmSLBkOFM7qh1PI3zFNtJbaZL5eQu1vLfazOwj4g==
  dependencies:
    fetch-blob "^3.1.2"

haversine-distance@^1.2.3:
  version "1.2.3"
  resolved "https://registry.yarnpkg.com/haversine-distance/-/haversine-distance-1.2.3.tgz#8414ab56a9fb85ecd5733c420d31294779f0f284"
  integrity sha512-cRKtuukt+/fVprlLueX30mytMNtiQ4tff93FDW9yrBx3BYrq6gujiw1+hEaaxssKlOZTm8R3BPtMbNM+n0+bqQ==

homey-betterstack@^0.3.5:
  version "0.3.5"
  resolved "https://registry.yarnpkg.com/homey-betterstack/-/homey-betterstack-0.3.5.tgz#320fc92a8c78370eddb2468e15f062d2f5f70a6c"
  integrity sha512-UASOBxIvxJwxZN1HLMspvmbFaFyg8JkNK6Kr7r1JEdHJsA/MYQfWNCulfMwhHJGqhIQ0xcm4MrAkkz6Hc+aRVQ==
  dependencies:
    "@logtail/node" "^0.4.21"
    "@logtail/winston" "^0.4.21"
    winston "^3.12.0"

inherits@^2.0.3:
  version "2.0.4"
  resolved "https://registry.yarnpkg.com/inherits/-/inherits-2.0.4.tgz#0fa2c64f932917c3433a0ded55363aae37416b7c"
  integrity sha512-k/vGaX4/Yla3WzyMCvTQOXYeIHvqOKtnqBduzTHpzpQZzAskKMhZ2K+EnBiSM9zGSoIFeMpXKxa4dYeZIQqewQ==

is-arrayish@^0.3.1:
  version "0.3.2"
  resolved "https://registry.yarnpkg.com/is-arrayish/-/is-arrayish-0.3.2.tgz#4574a2ae56f7ab206896fb431eaeed066fdf8f03"
  integrity sha512-eVRqCvVlZbuw3GrM63ovNSNAeA1K16kaR/LRY/92w0zxQ5/1YzwblUX652i4Xs9RwAGjW9d9y6X88t8OaAJfWQ==

is-stream@^2.0.0:
  version "2.0.1"
  resolved "https://registry.yarnpkg.com/is-stream/-/is-stream-2.0.1.tgz#fac1e3d53b97ad5a9d0ae9cef2389f5810a5c077"
  integrity sha512-hFoiJiTl63nn+kstHGBtewWSKnQLpyb155KHheA1l39uvtO9nWIop1p3udqPcUd/xbF1VLMO4n7OI6p7RbngDg==

kuler@^2.0.0:
  version "2.0.0"
  resolved "https://registry.yarnpkg.com/kuler/-/kuler-2.0.0.tgz#e2c570a3800388fb44407e851531c1d670b061b3"
  integrity sha512-Xq9nH7KlWZmXAtodXDDRE7vs6DU1gTU8zYDHDiWLSip45Egwq3plLHzPn27NgvzL2r1LMPC1vdqh98sQxtqj4A==

logform@^2.7.0:
  version "2.7.0"
  resolved "https://registry.yarnpkg.com/logform/-/logform-2.7.0.tgz#cfca97528ef290f2e125a08396805002b2d060d1"
  integrity sha512-TFYA4jnP7PVbmlBIfhlSe+WKxs9dklXMTEGcBCIvLhE/Tn3H6Gk1norupVW7m5Cnd4bLcr08AytbyV/xj7f/kQ==
  dependencies:
    "@colors/colors" "1.6.0"
    "@types/triple-beam" "^1.3.2"
    fecha "^4.2.0"
    ms "^2.1.1"
    safe-stable-stringify "^2.3.1"
    triple-beam "^1.3.0"

minimatch@^3.0.4:
  version "3.1.2"
  resolved "https://registry.yarnpkg.com/minimatch/-/minimatch-3.1.2.tgz#19cd194bfd3e428f049a70817c038d89ab4be35b"
  integrity sha512-J7p63hRiAjw1NDEww1W7i37+ByIrOWO5XQQAzZ3VOcL0PNybwpfmV/N05zFAzwQ9USyEcX6t3UO+K5aqBQOIHw==
  dependencies:
    brace-expansion "^1.1.7"

ms@^2.1.1:
  version "2.1.3"
  resolved "https://registry.yarnpkg.com/ms/-/ms-2.1.3.tgz#574c8138ce1d2b5861f0b44579dbadd60c6615b2"
  integrity sha512-6FlzubTLZG3J2a/NVCAleEhjzq5oxgHyaCU9yYXvcLsvoVaHJq/s5xXI6/XXP6tz7R9xAOtHnSO/tXtF3WRTlA==

node-domexception@^1.0.0:
  version "1.0.0"
  resolved "https://registry.yarnpkg.com/node-domexception/-/node-domexception-1.0.0.tgz#6888db46a1f71c0b76b3f7555016b63fe64766e5"
  integrity sha512-/jKZoMpw0F8GRwl4/eLROPA3cfcXtLApP0QzLmUT/HuPCZWyB7IY9ZrMeKw2O/nFIqPQB3PVM9aYm0F312AXDQ==

node-fetch@^2.6.12:
  version "2.7.0"
  resolved "https://registry.yarnpkg.com/node-fetch/-/node-fetch-2.7.0.tgz#d0f0fa6e3e2dc1d27efcd8ad99d550bda94d187d"
  integrity sha512-c4FRfUm/dbcWZ7U+1Wq0AwCyFL+3nt2bEw05wfxSz+DWpWsitgmSgYmy2dQdWyKC1694ELPqMs/YzUSNozLt8A==
  dependencies:
    whatwg-url "^5.0.0"

node-fetch@^3.3.2:
  version "3.3.2"
  resolved "https://registry.yarnpkg.com/node-fetch/-/node-fetch-3.3.2.tgz#d1e889bacdf733b4ff3b2b243eb7a12866a0b78b"
  integrity sha512-dRB78srN/l6gqWulah9SrxeYnxeddIG30+GOqK/9OlLVyLg3HPnr6SqOWTWOXKRwC2eGYCkZ59NNuSgvSrpgOA==
  dependencies:
    data-uri-to-buffer "^4.0.0"
    fetch-blob "^3.1.4"
    formdata-polyfill "^4.0.10"

one-time@^1.0.0:
  version "1.0.0"
  resolved "https://registry.yarnpkg.com/one-time/-/one-time-1.0.0.tgz#e06bc174aed214ed58edede573b433bbf827cb45"
  integrity sha512-5DXOiRKwuSEcQ/l0kGCF6Q3jcADFv5tSmRaJck/OqkVFcOzutB134KRSfF0xDrL39MNnqxbHBbUUcjZIhTgb2g==
  dependencies:
    fn.name "1.x.x"

psl@^1.1.33:
  version "1.10.0"
  resolved "https://registry.yarnpkg.com/psl/-/psl-1.10.0.tgz#1450f7e16f922c3beeb7bd9db3f312635018fa15"
  integrity sha512-KSKHEbjAnpUuAUserOq0FxGXCUrzC3WniuSJhvdbs102rL55266ZcHBqLWOsG30spQMlPdpy7icATiAQehg/iA==
  dependencies:
    punycode "^2.3.1"

punycode@^2.1.1, punycode@^2.3.1:
  version "2.3.1"
  resolved "https://registry.yarnpkg.com/punycode/-/punycode-2.3.1.tgz#027422e2faec0b25e1549c3e1bd8309b9133b6e5"
  integrity sha512-vYt7UD1U9Wg6138shLtLOvdAu+8DsC/ilFtEVHcH+wydcSpNE20AfSOduf6MkRFahL5FY7X1oU7nKVZFtfq8Fg==

querystringify@^2.1.1:
  version "2.2.0"
  resolved "https://registry.yarnpkg.com/querystringify/-/querystringify-2.2.0.tgz#3345941b4153cb9d082d8eee4cda2016a9aef7f6"
  integrity sha512-FIqgj2EUvTa7R50u0rGsyTftzjYmv/a3hO345bZNrqabNqjtgiDMgmo4mkUjd+nzU5oF3dClKqFIPUKybUyqoQ==

readable-stream@^3.4.0, readable-stream@^3.6.2:
  version "3.6.2"
  resolved "https://registry.yarnpkg.com/readable-stream/-/readable-stream-3.6.2.tgz#56a9b36ea965c00c5a93ef31eb111a0f11056967"
  integrity sha512-9u/sniCrY3D5WdsERHzHE4G2YCXqoG5FTHUiCC4SIbr6XcLZBY05ya9EKjYek9O5xOAwjGq+1JdGBAS7Q9ScoA==
  dependencies:
    inherits "^2.0.3"
    string_decoder "^1.1.1"
    util-deprecate "^1.0.1"

requires-port@^1.0.0:
  version "1.0.0"
  resolved "https://registry.yarnpkg.com/requires-port/-/requires-port-1.0.0.tgz#925d2601d39ac485e091cf0da5c6e694dc3dcaff"
  integrity sha512-KigOCHcocU3XODJxsu8i/j8T9tzT4adHiecwORRQ0ZZFcp7ahwXuRU1m+yuO90C5ZUyGeGfocHDI14M3L3yDAQ==

safe-buffer@~5.2.0:
  version "5.2.1"
  resolved "https://registry.yarnpkg.com/safe-buffer/-/safe-buffer-5.2.1.tgz#1eaf9fa9bdb1fdd4ec75f58f9cdb4e6b7827eec6"
  integrity sha512-rp3So07KcdmmKbGvgaNxQSJr7bGVSVk5S9Eq1F+ppbRo70+YeaDxkw5Dd8NPN+GD6bjnYm2VuPuCXmpuYvmCXQ==

safe-stable-stringify@^2.3.1:
  version "2.5.0"
  resolved "https://registry.yarnpkg.com/safe-stable-stringify/-/safe-stable-stringify-2.5.0.tgz#4ca2f8e385f2831c432a719b108a3bf7af42a1dd"
  integrity sha512-b3rppTKm9T+PsVCBEOUR46GWI7fdOs00VKZ1+9c1EWDaDMvjQc6tUwuFyIprgGgTcWoVHSKrU8H31ZHA2e0RHA==

serialize-error@^8.1.0:
  version "8.1.0"
  resolved "https://registry.yarnpkg.com/serialize-error/-/serialize-error-8.1.0.tgz#3a069970c712f78634942ddd50fbbc0eaebe2f67"
  integrity sha512-3NnuWfM6vBYoy5gZFvHiYsVbafvI9vZv/+jlIigFn4oP4zjNPK3LhcY0xSCgeb1a5L8jO71Mit9LlNoi2UfDDQ==
  dependencies:
    type-fest "^0.20.2"

simple-swizzle@^0.2.2:
  version "0.2.2"
  resolved "https://registry.yarnpkg.com/simple-swizzle/-/simple-swizzle-0.2.2.tgz#a4da6b635ffcccca33f70d17cb92592de95e557a"
  integrity sha512-JA//kQgZtbuY83m+xT+tXJkmJncGMTFT+C+g2h2R9uxkYIrE2yy9sgmcLhCnw57/WSD+Eh3J97FPEDFnbXnDUg==
  dependencies:
    is-arrayish "^0.3.1"

stack-trace@0.0.x, stack-trace@^0.0.10:
  version "0.0.10"
  resolved "https://registry.yarnpkg.com/stack-trace/-/stack-trace-0.0.10.tgz#547c70b347e8d32b4e108ea1a2a159e5fdde19c0"
  integrity sha512-KGzahc7puUKkzyMt+IqAep+TVNbKP+k2Lmwhub39m1AsTSkaDutx56aDCo+HLDzf/D26BIHTJWNiTG1KAJiQCg==

string_decoder@^1.1.1:
  version "1.3.0"
  resolved "https://registry.yarnpkg.com/string_decoder/-/string_decoder-1.3.0.tgz#42f114594a46cf1a8e30b0a84f56c78c3edac21e"
  integrity sha512-hkRX8U1WjJFd8LsDJ2yQ/wWWxaopEsABU1XfkM8A+j0+85JAGppt16cr1Whg6KIbb4okU6Mql6BOj+uup/wKeA==
  dependencies:
    safe-buffer "~5.2.0"

text-hex@1.0.x:
  version "1.0.0"
  resolved "https://registry.yarnpkg.com/text-hex/-/text-hex-1.0.0.tgz#69dc9c1b17446ee79a92bf5b884bb4b9127506f5"
  integrity sha512-uuVGNWzgJ4yhRaNSiubPY7OjISw4sw4E5Uv0wbjp+OzcbmVU/rsT8ujgcXJhn9ypzsgr5vlzpPqP+MBBKcGvbg==

tough-cookie@^4.1.4:
  version "4.1.4"
  resolved "https://registry.yarnpkg.com/tough-cookie/-/tough-cookie-4.1.4.tgz#945f1461b45b5a8c76821c33ea49c3ac192c1b36"
  integrity sha512-Loo5UUvLD9ScZ6jh8beX1T6sO1w2/MpCRpEP7V280GKMVUQ0Jzar2U3UJPsrdbziLEMMhu3Ujnq//rhiFuIeag==
  dependencies:
    psl "^1.1.33"
    punycode "^2.1.1"
    universalify "^0.2.0"
    url-parse "^1.5.3"

tr46@~0.0.3:
  version "0.0.3"
  resolved "https://registry.yarnpkg.com/tr46/-/tr46-0.0.3.tgz#8184fd347dac9cdc185992f3a6622e14b9d9ab6a"
  integrity sha512-N3WMsuqV66lT30CrXNbEjx4GEwlow3v6rr4mCcv6prnfwhS01rkgyFdjPNBYd9br7LpXV1+Emh01fHnq2Gdgrw==

triple-beam@^1.3.0:
  version "1.4.1"
  resolved "https://registry.yarnpkg.com/triple-beam/-/triple-beam-1.4.1.tgz#6fde70271dc6e5d73ca0c3b24e2d92afb7441984"
  integrity sha512-aZbgViZrg1QNcG+LULa7nhZpJTZSLm/mXnHXnbAbjmN5aSa0y7V+wvv6+4WaBtpISJzThKy+PIPxc1Nq1EJ9mg==

type-fest@^0.20.2:
  version "0.20.2"
  resolved "https://registry.yarnpkg.com/type-fest/-/type-fest-0.20.2.tgz#1bf207f4b28f91583666cb5fbd327887301cd5f4"
  integrity sha512-Ne+eE4r0/iWnpAxD852z3A+N0Bt5RN//NjJwRd2VFHEmrywxf5vsZlh4R6lixl6B+wz/8d+maTSAkN1FIkI3LQ==

universalify@^0.2.0:
  version "0.2.0"
  resolved "https://registry.yarnpkg.com/universalify/-/universalify-0.2.0.tgz#6451760566fa857534745ab1dde952d1b1761be0"
  integrity sha512-CJ1QgKmNg3CwvAv/kOFmtnEN05f0D/cn9QntgNOQlQF9dgvVTHj3t+8JPdjqawCHk7V/KA+fbUqzZ9XWhcqPUg==

url-parse@^1.5.3:
  version "1.5.10"
  resolved "https://registry.yarnpkg.com/url-parse/-/url-parse-1.5.10.tgz#9d3c2f736c1d75dd3bd2be507dcc111f1e2ea9c1"
  integrity sha512-WypcfiRhfeUP9vvF0j6rw0J3hrWrw6iZv3+22h6iRMJ/8z1Tj6XfLP4DsUix5MhMPnXpiHDoKyoZ/bdCkwBCiQ==
  dependencies:
    querystringify "^2.1.1"
    requires-port "^1.0.0"

util-deprecate@^1.0.1:
  version "1.0.2"
  resolved "https://registry.yarnpkg.com/util-deprecate/-/util-deprecate-1.0.2.tgz#450d4dc9fa70de732762fbd2d4a28981419a0ccf"
  integrity sha512-EPD5q1uXyFxJpCrLnCc1nHnq3gOa6DZBocAIiI2TaSCA7VCJ1UJDMagCzIkXNsUYfD1daK//LTEQ8xiIbrHtcw==

web-streams-polyfill@^3.0.3:
  version "3.3.3"
  resolved "https://registry.yarnpkg.com/web-streams-polyfill/-/web-streams-polyfill-3.3.3.tgz#2073b91a2fdb1fbfbd401e7de0ac9f8214cecb4b"
  integrity sha512-d2JWLCivmZYTSIoge9MsgFCZrt571BikcWGYkjC1khllbTeDlGqZ2D8vD8E/lJa8WGWbb7Plm8/XJYV7IJHZZw==

webidl-conversions@^3.0.0:
  version "3.0.1"
  resolved "https://registry.yarnpkg.com/webidl-conversions/-/webidl-conversions-3.0.1.tgz#24534275e2a7bc6be7bc86611cc16ae0a5654871"
  integrity sha512-2JAn3z8AR6rjK8Sm8orRC0h/bcl/DqL7tRPdGZ4I1CjdF+EaMLmYxBHyXuKL849eucPFhvBoxMsflfOb8kxaeQ==

whatwg-url@^5.0.0:
  version "5.0.0"
  resolved "https://registry.yarnpkg.com/whatwg-url/-/whatwg-url-5.0.0.tgz#966454e8765462e37644d3626f6742ce8b70965d"
  integrity sha512-saE57nupxk6v3HY35+jzBwYa0rKSy0XR8JSxZPwgLr7ys0IBzhGviA1/TUGJLmSVqs8pb9AnvICXEuOHLprYTw==
  dependencies:
    tr46 "~0.0.3"
    webidl-conversions "^3.0.0"

winston-transport@^4.3.0, winston-transport@^4.9.0:
  version "4.9.0"
  resolved "https://registry.yarnpkg.com/winston-transport/-/winston-transport-4.9.0.tgz#3bba345de10297654ea6f33519424560003b3bf9"
  integrity sha512-8drMJ4rkgaPo1Me4zD/3WLfI/zPdA9o2IipKODunnGDcuqbHwjsbB79ylv04LCGGzU0xQ6vTznOMpQGaLhhm6A==
  dependencies:
    logform "^2.7.0"
    readable-stream "^3.6.2"
    triple-beam "^1.3.0"

winston@^3.12.0:
  version "3.17.0"
  resolved "https://registry.yarnpkg.com/winston/-/winston-3.17.0.tgz#74b8665ce9b4ea7b29d0922cfccf852a08a11423"
  integrity sha512-DLiFIXYC5fMPxaRg832S6F5mJYvePtmO5G9v9IgUFPhXm9/GkXarH/TUrBAVzhTCzAj9anE/+GjrgXp/54nOgw==
  dependencies:
    "@colors/colors" "^1.6.0"
    "@dabh/diagnostics" "^2.0.2"
    async "^3.2.3"
    is-stream "^2.0.0"
    logform "^2.7.0"
    one-time "^1.0.0"
    readable-stream "^3.4.0"
    safe-stable-stringify "^2.3.1"
    stack-trace "0.0.x"
    triple-beam "^1.3.0"
    winston-transport "^4.9.0"
